{
  "name": "scripts-template",
  "version": "1.0.0",
  "lockfileVersion": 1,
  "requires": true,
  "dependencies": {
    "mustache": {
      "version": "3.2.1",
      "resolved": "https://registry.npmjs.org/mustache/-/mustache-3.2.1.tgz",
      "integrity": "sha512-RERvMFdLpaFfSRIEe632yDm5nsd0SDKn8hGmcUwswnyiE5mtdZLDybtHAz6hjJhawokF0hXvGLtx9mrQfm6FkA=="
    }
  }
}
